
Microsoft Visual Studio Solution File, Format Version 12.00
# Visual Studio Version 16
VisualStudioVersion = 16.0.31005.135
MinimumVisualStudioVersion = 10.0.40219.1
Project("{9A19103F-16F7-4668-BE54-9A1E7A4F7556}") = "SongGenerator", "SongGenerator\SongGenerator.csproj", "{6B929841-4E90-44EC-BFA9-FDA39FC3C09B}"
EndProject
Global
	GlobalSection(SolutionConfigurationPlatforms) = preSolution
		Debug|Any CPU = Debug|Any CPU
		Release|Any CPU = Release|Any CPU
	EndGlobalSection
	GlobalSection(ProjectConfigurationPlatforms) = postSolution
		{6B929841-4E90-44EC-BFA9-FDA39FC3C09B}.Debug|Any CPU.ActiveCfg = Debug|Any CPU
		{6B929841-4E90-44EC-BFA9-FDA39FC3C09B}.Debug|Any CPU.Build.0 = Debug|Any CPU
		{6B929841-4E90-44EC-BFA9-FDA39FC3C09B}.Release|Any CPU.ActiveCfg = Release|Any CPU
		{6B929841-4E90-44EC-BFA9-FDA39FC3C09B}.Release|Any CPU.Build.0 = Release|Any CPU
	EndGlobalSection
	GlobalSection(SolutionProperties) = preSolution
		HideSolutionNode = FALSE
	EndGlobalSection
	GlobalSection(ExtensibilityGlobals) = postSolution
		SolutionGuid = {8367A4E3-8C18-41B4-9D48-C8419F504375}
	EndGlobalSection
EndGlobal
